
Microsoft Visual Studio Solution File, Format Version 11.00
# Visual Studio 2010
Project("{FAE04EC0-301F-11D3-BF4B-00C04F79EFBC}") = "Assembly-CSharp", "Assembly-CSharp.csproj", "{93db7afa-0839-a7c7-e1de-a5a2595668a3}"
EndProject
Project("{FAE04EC0-301F-11D3-BF4B-00C04F79EFBC}") = "Assembly-CSharp-firstpass", "Assembly-CSharp-firstpass.csproj", "{69ac321a-1186-ba78-cbe0-b299441efef5}"
EndProject
Project("{FAE04EC0-301F-11D3-BF4B-00C04F79EFBC}") = "Assembly-CSharp-Editor-firstpass", "Assembly-CSharp-Editor-firstpass.csproj", "{37872345-8fce-2ab8-1530-ecb5a8dcd68e}"
EndProject
Global
	GlobalSection(SolutionConfigurationPlatforms) = preSolution
		Debug|Any CPU = Debug|Any CPU
	EndGlobalSection
	GlobalSection(ProjectConfigurationPlatforms) = postSolution
		{93db7afa-0839-a7c7-e1de-a5a2595668a3}.Debug|Any CPU.ActiveCfg = Debug|Any CPU
		{93db7afa-0839-a7c7-e1de-a5a2595668a3}.Debug|Any CPU.Build.0 = Debug|Any CPU
		{69ac321a-1186-ba78-cbe0-b299441efef5}.Debug|Any CPU.ActiveCfg = Debug|Any CPU
		{69ac321a-1186-ba78-cbe0-b299441efef5}.Debug|Any CPU.Build.0 = Debug|Any CPU
		{37872345-8fce-2ab8-1530-ecb5a8dcd68e}.Debug|Any CPU.ActiveCfg = Debug|Any CPU
		{37872345-8fce-2ab8-1530-ecb5a8dcd68e}.Debug|Any CPU.Build.0 = Debug|Any CPU
	EndGlobalSection
	GlobalSection(SolutionProperties) = preSolution
		HideSolutionNode = FALSE
	EndGlobalSection
EndGlobal
